
Microsoft Visual Studio Solution File, Format Version 12.00
# Visual Studio 15
VisualStudioVersion = 15.0.27004.2005
MinimumVisualStudioVersion = 10.0.40219.1
Project("{FAE04EC0-301F-11D3-BF4B-00C04F79EFBC}") = "SimpleNet.Standard.Data", "SimpleNet.Standard.Data\SimpleNet.Standard.Data.csproj", "{7E86523D-FA14-4531-A4B1-C1BABEE424A2}"
EndProject
Project("{FAE04EC0-301F-11D3-BF4B-00C04F79EFBC}") = "SimpleNet.Standard.Data.SqlServer", "SimpleNet.Standard.Data.SqlServer\SimpleNet.Standard.Data.SqlServer.csproj", "{13064D06-A1B5-4F15-8630-528B57DFE578}"
EndProject
Global
	GlobalSection(SolutionConfigurationPlatforms) = preSolution
		Debug|Any CPU = Debug|Any CPU
		Release|Any CPU = Release|Any CPU
	EndGlobalSection
	GlobalSection(ProjectConfigurationPlatforms) = postSolution
		{7E86523D-FA14-4531-A4B1-C1BABEE424A2}.Debug|Any CPU.ActiveCfg = Debug|Any CPU
		{7E86523D-FA14-4531-A4B1-C1BABEE424A2}.Debug|Any CPU.Build.0 = Debug|Any CPU
		{7E86523D-FA14-4531-A4B1-C1BABEE424A2}.Release|Any CPU.ActiveCfg = Release|Any CPU
		{7E86523D-FA14-4531-A4B1-C1BABEE424A2}.Release|Any CPU.Build.0 = Release|Any CPU
		{13064D06-A1B5-4F15-8630-528B57DFE578}.Debug|Any CPU.ActiveCfg = Debug|Any CPU
		{13064D06-A1B5-4F15-8630-528B57DFE578}.Debug|Any CPU.Build.0 = Debug|Any CPU
		{13064D06-A1B5-4F15-8630-528B57DFE578}.Release|Any CPU.ActiveCfg = Release|Any CPU
		{13064D06-A1B5-4F15-8630-528B57DFE578}.Release|Any CPU.Build.0 = Release|Any CPU
	EndGlobalSection
	GlobalSection(SolutionProperties) = preSolution
		HideSolutionNode = FALSE
	EndGlobalSection
	GlobalSection(ExtensibilityGlobals) = postSolution
		SolutionGuid = {C231B884-5602-4D3D-B6FB-74BAA461B6EB}
	EndGlobalSection
EndGlobal
